<?xml version="1.0" encoding="utf-8"?>
<Project ToolsVersion="4.0" xmlns="http://schemas.microsoft.com/developer/msbuild/2003">
  <ItemGroup>
    <Filter Include="Event">
      <UniqueIdentifier>{E70B220D-5320-4ABE-1CA2-ED1D887546EF}</UniqueIdentifier>
    </Filter>
    <Filter Include="Event\Io">
      <UniqueIdentifier>{4EA86998-3A75-C4A3-638E-B24B4FBAF931}</UniqueIdentifier>
    </Filter>
    <Filter Include="Render">
      <UniqueIdentifier>{C5BB87CE-B15D-B2A4-9A18-C6F8865939F5}</UniqueIdentifier>
    </Filter>
    <Filter Include="Render\Graphics">
      <UniqueIdentifier>{A5917F05-111D-EDC9-1A2E-70BE863849CA}</UniqueIdentifier>
    </Filter>
    <Filter Include="Render\ResourceManagement">
      <UniqueIdentifier>{D9B19D28-4574-D1B2-8E24-603FFA25AA90}</UniqueIdentifier>
    </Filter>
    <Filter Include="Render\ShaderProviders">
      <UniqueIdentifier>{299E3F1A-1598-686C-FE04-FF7CEA9DCED8}</UniqueIdentifier>
    </Filter>
    <Filter Include="Render\Window">
      <UniqueIdentifier>{0C395C2A-78F9-D760-4134-21DEADB31C3D}</UniqueIdentifier>
    </Filter>
    <Filter Include="Render\Window\Scene">
      <UniqueIdentifier>{293F5646-95A0-3354-1E0E-7A068A6E6A13}</UniqueIdentifier>
    </Filter>
    <Filter Include="Render\Window\Scene\Object">
      <UniqueIdentifier>{8F64E6F4-7B74-92C5-E42D-F7E3D05C815E}</UniqueIdentifier>
    </Filter>
    <Filter Include="World">
      <UniqueIdentifier>{4D25640E-B939-8CBF-82BB-2F1FEE8E88F0}</UniqueIdentifier>
    </Filter>
    <Filter Include="World\AssetLoaders">
      <UniqueIdentifier>{C63A630C-B21E-2462-1B7F-1EB507820EE4}</UniqueIdentifier>
    </Filter>
    <Filter Include="World\Assets">
      <UniqueIdentifier>{8FD367CB-7B36-F76F-24BC-2F2610FEC2F2}</UniqueIdentifier>
    </Filter>
    <Filter Include="World\Assets\Helper">
      <UniqueIdentifier>{1EBF071E-8A20-E52B-138E-2BDE7FEE1BEB}</UniqueIdentifier>
    </Filter>
    <Filter Include="World\ECS">
      <UniqueIdentifier>{17F87A43-8362-2FBA-CCA0-E05F384A0D0F}</UniqueIdentifier>
    </Filter>
  </ItemGroup>
  <ItemGroup>
    <ClInclude Include="src\Engine.h" />
    <ClInclude Include="src\Event\EventController.h">
      <Filter>Event</Filter>
    </ClInclude>
    <ClInclude Include="src\Event\Io\ConversionData.h">
      <Filter>Event\Io</Filter>
    </ClInclude>
    <ClInclude Include="src\Event\Io\KeyCodes.h">
      <Filter>Event\Io</Filter>
    </ClInclude>
    <ClInclude Include="src\Log.h" />
    <ClInclude Include="src\Render\Graphics\Pipeline.h">
      <Filter>Render\Graphics</Filter>
    </ClInclude>
    <ClInclude Include="src\Render\ResourceManagement\PushConstants.h">
      <Filter>Render\ResourceManagement</Filter>
    </ClInclude>
    <ClInclude Include="src\Render\ShaderProviders\GlobalProviders.h">
      <Filter>Render\ShaderProviders</Filter>
    </ClInclude>
    <ClInclude Include="src\Render\Window\Scene.h">
      <Filter>Render\Window</Filter>
    </ClInclude>
    <ClInclude Include="src\Render\Window\Scene\Object\Element.h">
      <Filter>Render\Window\Scene\Object</Filter>
    </ClInclude>
    <ClInclude Include="src\Render\Window\Scene\Object\UIElement.h">
      <Filter>Render\Window\Scene\Object</Filter>
    </ClInclude>
    <ClInclude Include="src\Render\Window\Scene\RenderStage.h">
      <Filter>Render\Window\Scene</Filter>
    </ClInclude>
    <ClInclude Include="src\Render\Window\Window.h">
      <Filter>Render\Window</Filter>
    </ClInclude>
    <ClInclude Include="src\Render\Window\WindowControls.h">
      <Filter>Render\Window</Filter>
    </ClInclude>
    <ClInclude Include="src\World\AssetLoaders\Meshloader.h">
      <Filter>World\AssetLoaders</Filter>
    </ClInclude>
    <ClInclude Include="src\World\AssetLoaders\ShaderLoader.h">
      <Filter>World\AssetLoaders</Filter>
    </ClInclude>
    <ClInclude Include="src\World\AssetLoaders\TextureLoader.h">
      <Filter>World\AssetLoaders</Filter>
    </ClInclude>
    <ClInclude Include="src\World\AssetManager.h">
      <Filter>World</Filter>
    </ClInclude>
    <ClInclude Include="src\World\Assets\Asset.h">
      <Filter>World\Assets</Filter>
    </ClInclude>
    <ClInclude Include="src\World\Assets\AssetIncluder.h">
      <Filter>World\Assets</Filter>
    </ClInclude>
    <ClInclude Include="src\World\Assets\Helper\spirv_reflect.h">
      <Filter>World\Assets\Helper</Filter>
    </ClInclude>
    <ClInclude Include="src\World\Assets\Material.h">
      <Filter>World\Assets</Filter>
    </ClInclude>
    <ClInclude Include="src\World\Assets\Mesh.h">
      <Filter>World\Assets</Filter>
    </ClInclude>
    <ClInclude Include="src\World\Assets\Shader.h">
      <Filter>World\Assets</Filter>
    </ClInclude>
    <ClInclude Include="src\World\Assets\ShaderReflected.h">
      <Filter>World\Assets</Filter>
    </ClInclude>
    <ClInclude Include="src\World\Assets\Texture.h">
      <Filter>World\Assets</Filter>
    </ClInclude>
    <ClInclude Include="src\World\Assets\Vertex.h">
      <Filter>World\Assets</Filter>
    </ClInclude>
    <ClInclude Include="src\World\ECS\Components.h">
      <Filter>World\ECS</Filter>
    </ClInclude>
    <ClInclude Include="src\World\ECS\Registry.h">
      <Filter>World\ECS</Filter>
    </ClInclude>
    <ClInclude Include="src\World\WorldController.h">
      <Filter>World</Filter>
    </ClInclude>
  </ItemGroup>
  <ItemGroup>
    <ClCompile Include="src\Engine.cpp" />
    <ClCompile Include="src\Event\EventController.cpp">
      <Filter>Event</Filter>
    </ClCompile>
    <ClCompile Include="src\Render\Window\Scene.cpp">
      <Filter>Render\Window</Filter>
    </ClCompile>
    <ClCompile Include="src\Render\Window\Scene\Object\Element.cpp">
      <Filter>Render\Window\Scene\Object</Filter>
    </ClCompile>
    <ClCompile Include="src\Render\Window\Window.cpp">
      <Filter>Render\Window</Filter>
    </ClCompile>
    <ClCompile Include="src\World\AssetLoaders\Meshloader.cpp">
      <Filter>World\AssetLoaders</Filter>
    </ClCompile>
    <ClCompile Include="src\World\AssetLoaders\ShaderLoader.cpp">
      <Filter>World\AssetLoaders</Filter>
    </ClCompile>
    <ClCompile Include="src\World\AssetLoaders\TextureLoader.cpp">
      <Filter>World\AssetLoaders</Filter>
    </ClCompile>
    <ClCompile Include="src\World\AssetManager.cpp">
      <Filter>World</Filter>
    </ClCompile>
    <ClCompile Include="src\World\Assets\Helper\spirv_reflect.c">
      <Filter>World\Assets\Helper</Filter>
    </ClCompile>
    <ClCompile Include="src\World\Assets\Material.cpp">
      <Filter>World\Assets</Filter>
    </ClCompile>
    <ClCompile Include="src\World\Assets\Shader.cpp">
      <Filter>World\Assets</Filter>
    </ClCompile>
    <ClCompile Include="src\World\WorldController.cpp">
      <Filter>World</Filter>
    </ClCompile>
  </ItemGroup>
</Project>