<?xml version="1.0" encoding="utf-8"?>
<Project ToolsVersion="4.0" xmlns="http://schemas.microsoft.com/developer/msbuild/2003">
  <ItemGroup>
    <Filter Include="Dependencies">
      <UniqueIdentifier>{6C01343A-5864-C3DE-01EA-FB94ED2B8F61}</UniqueIdentifier>
    </Filter>
    <Filter Include="Dependencies\ImGui">
      <UniqueIdentifier>{96D70AF8-82BB-CB4D-EB1B-C6A0D71EB6CF}</UniqueIdentifier>
    </Filter>
    <Filter Include="src">
      <UniqueIdentifier>{2DAB880B-99B4-887C-2230-9F7C8E38947C}</UniqueIdentifier>
    </Filter>
    <Filter Include="src\Event">
      <UniqueIdentifier>{3E1ADFB2-AA84-9329-F3C2-44CF5F6C717E}</UniqueIdentifier>
    </Filter>
    <Filter Include="src\Event\Io">
      <UniqueIdentifier>{45ABE3C8-310E-736D-DA93-AB23C6D53EF0}</UniqueIdentifier>
    </Filter>
    <Filter Include="src\Render">
      <UniqueIdentifier>{FC94E62B-E84C-2879-5154-01D53D2BC369}</UniqueIdentifier>
    </Filter>
    <Filter Include="src\Render\Object">
      <UniqueIdentifier>{028F678E-6EA5-6524-B71C-F145237236AC}</UniqueIdentifier>
    </Filter>
    <Filter Include="src\Render\Window">
      <UniqueIdentifier>{63AE91A1-CFC4-8F37-183C-1B59849160BF}</UniqueIdentifier>
    </Filter>
    <Filter Include="src\Scene">
      <UniqueIdentifier>{0A06D2B3-7670-862A-BFAE-37D02B58647F}</UniqueIdentifier>
    </Filter>
    <Filter Include="src\Scene\Object">
      <UniqueIdentifier>{5084839A-3C7D-A2EC-65AF-8771510782F8}</UniqueIdentifier>
    </Filter>
    <Filter Include="src\World">
      <UniqueIdentifier>{A43321B4-109E-D52A-59DC-86D0C585B37F}</UniqueIdentifier>
    </Filter>
    <Filter Include="src\World\ECS">
      <UniqueIdentifier>{EE593583-5A1A-B1B9-2355-FA368FD4F595}</UniqueIdentifier>
    </Filter>
  </ItemGroup>
  <ItemGroup>
    <ClInclude Include="Dependencies\ImGui\imconfig.h">
      <Filter>Dependencies\ImGui</Filter>
    </ClInclude>
    <ClInclude Include="Dependencies\ImGui\imgui.h">
      <Filter>Dependencies\ImGui</Filter>
    </ClInclude>
    <ClInclude Include="Dependencies\ImGui\imgui_internal.h">
      <Filter>Dependencies\ImGui</Filter>
    </ClInclude>
    <ClInclude Include="Dependencies\ImGui\imstb_rectpack.h">
      <Filter>Dependencies\ImGui</Filter>
    </ClInclude>
    <ClInclude Include="Dependencies\ImGui\imstb_textedit.h">
      <Filter>Dependencies\ImGui</Filter>
    </ClInclude>
    <ClInclude Include="Dependencies\ImGui\imstb_truetype.h">
      <Filter>Dependencies\ImGui</Filter>
    </ClInclude>
    <ClInclude Include="src\Engine.h">
      <Filter>src</Filter>
    </ClInclude>
    <ClInclude Include="src\Event\EventController.h">
      <Filter>src\Event</Filter>
    </ClInclude>
    <ClInclude Include="src\Event\Io\ConversionData.h">
      <Filter>src\Event\Io</Filter>
    </ClInclude>
    <ClInclude Include="src\Event\Io\KeyCodes.h">
      <Filter>src\Event\Io</Filter>
    </ClInclude>
    <ClInclude Include="src\Event\Io\KeySet.h">
      <Filter>src\Event\Io</Filter>
    </ClInclude>
    <ClInclude Include="src\Render\Object\Element.h">
      <Filter>src\Render\Object</Filter>
    </ClInclude>
    <ClInclude Include="src\Render\Object\ElementSetUps.h">
      <Filter>src\Render\Object</Filter>
    </ClInclude>
    <ClInclude Include="src\Render\Object\UIElement.h">
      <Filter>src\Render\Object</Filter>
    </ClInclude>
    <ClInclude Include="src\Render\RenderingController.h">
      <Filter>src\Render</Filter>
    </ClInclude>
    <ClInclude Include="src\Render\Window\RenderSurface.h">
      <Filter>src\Render\Window</Filter>
    </ClInclude>
    <ClInclude Include="src\Render\Window\Window.h">
      <Filter>src\Render\Window</Filter>
    </ClInclude>
    <ClInclude Include="src\Scene\Object\Element.h">
      <Filter>src\Scene\Object</Filter>
    </ClInclude>
    <ClInclude Include="src\Scene\Object\UIElement.h">
      <Filter>src\Scene\Object</Filter>
    </ClInclude>
    <ClInclude Include="src\Scene\Scene.h">
      <Filter>src\Scene</Filter>
    </ClInclude>
    <ClInclude Include="src\Scene\SceneController.h">
      <Filter>src\Scene</Filter>
    </ClInclude>
    <ClInclude Include="src\World\ECS\Components.h">
      <Filter>src\World\ECS</Filter>
    </ClInclude>
    <ClInclude Include="src\World\ECS\Registry.h">
      <Filter>src\World\ECS</Filter>
    </ClInclude>
    <ClInclude Include="src\World\WorldController.h">
      <Filter>src\World</Filter>
    </ClInclude>
  </ItemGroup>
  <ItemGroup>
    <ClCompile Include="Dependencies\ImGui\imgui.cpp">
      <Filter>Dependencies\ImGui</Filter>
    </ClCompile>
    <ClCompile Include="Dependencies\ImGui\imgui_demo.cpp">
      <Filter>Dependencies\ImGui</Filter>
    </ClCompile>
    <ClCompile Include="Dependencies\ImGui\imgui_draw.cpp">
      <Filter>Dependencies\ImGui</Filter>
    </ClCompile>
    <ClCompile Include="Dependencies\ImGui\imgui_tables.cpp">
      <Filter>Dependencies\ImGui</Filter>
    </ClCompile>
    <ClCompile Include="Dependencies\ImGui\imgui_widgets.cpp">
      <Filter>Dependencies\ImGui</Filter>
    </ClCompile>
    <ClCompile Include="src\Engine.cpp">
      <Filter>src</Filter>
    </ClCompile>
    <ClCompile Include="src\Event\EventController.cpp">
      <Filter>src\Event</Filter>
    </ClCompile>
    <ClCompile Include="src\Render\Object\Element.cpp">
      <Filter>src\Render\Object</Filter>
    </ClCompile>
    <ClCompile Include="src\Render\RenderingController.cpp">
      <Filter>src\Render</Filter>
    </ClCompile>
    <ClCompile Include="src\Render\Window\RenderSurface.cpp">
      <Filter>src\Render\Window</Filter>
    </ClCompile>
    <ClCompile Include="src\Render\Window\Window.cpp">
      <Filter>src\Render\Window</Filter>
    </ClCompile>
    <ClCompile Include="src\Scene\Object\Element.cpp">
      <Filter>src\Scene\Object</Filter>
    </ClCompile>
    <ClCompile Include="src\Scene\SceneController.cpp">
      <Filter>src\Scene</Filter>
    </ClCompile>
    <ClCompile Include="src\World\WorldController.cpp">
      <Filter>src\World</Filter>
    </ClCompile>
  </ItemGroup>
</Project>