<?xml version="1.0" encoding="utf-8"?>
<Project ToolsVersion="4.0" xmlns="http://schemas.microsoft.com/developer/msbuild/2003">
  <ItemGroup>
    <Filter Include="Dependencies">
      <UniqueIdentifier>{6C01343A-5864-C3DE-01EA-FB94ED2B8F61}</UniqueIdentifier>
    </Filter>
    <Filter Include="Dependencies\ImGui">
      <UniqueIdentifier>{96D70AF8-82BB-CB4D-EB1B-C6A0D71EB6CF}</UniqueIdentifier>
    </Filter>
    <Filter Include="src">
      <UniqueIdentifier>{2DAB880B-99B4-887C-2230-9F7C8E38947C}</UniqueIdentifier>
    </Filter>
    <Filter Include="src\Event">
      <UniqueIdentifier>{3E1ADFB2-AA84-9329-F3C2-44CF5F6C717E}</UniqueIdentifier>
    </Filter>
    <Filter Include="src\Render">
      <UniqueIdentifier>{FC94E62B-E84C-2879-5154-01D53D2BC369}</UniqueIdentifier>
    </Filter>
    <Filter Include="src\Render\Window">
      <UniqueIdentifier>{63AE91A1-CFC4-8F37-183C-1B59849160BF}</UniqueIdentifier>
    </Filter>
    <Filter Include="src\World">
      <UniqueIdentifier>{A43321B4-109E-D52A-59DC-86D0C585B37F}</UniqueIdentifier>
    </Filter>
  </ItemGroup>
  <ItemGroup>
    <ClInclude Include="Dependencies\ImGui\imconfig.h">
      <Filter>Dependencies\ImGui</Filter>
    </ClInclude>
    <ClInclude Include="Dependencies\ImGui\imgui.h">
      <Filter>Dependencies\ImGui</Filter>
    </ClInclude>
    <ClInclude Include="Dependencies\ImGui\imgui_internal.h">
      <Filter>Dependencies\ImGui</Filter>
    </ClInclude>
    <ClInclude Include="Dependencies\ImGui\imstb_rectpack.h">
      <Filter>Dependencies\ImGui</Filter>
    </ClInclude>
    <ClInclude Include="Dependencies\ImGui\imstb_textedit.h">
      <Filter>Dependencies\ImGui</Filter>
    </ClInclude>
    <ClInclude Include="Dependencies\ImGui\imstb_truetype.h">
      <Filter>Dependencies\ImGui</Filter>
    </ClInclude>
    <ClInclude Include="src\Engine.h">
      <Filter>src</Filter>
    </ClInclude>
    <ClInclude Include="src\Render\RenderingController.h">
      <Filter>src\Render</Filter>
    </ClInclude>
    <ClInclude Include="src\Render\Window\Window.h">
      <Filter>src\Render\Window</Filter>
    </ClInclude>
    <ClInclude Include="src\Render\Window\WindowManager.h">
      <Filter>src\Render\Window</Filter>
    </ClInclude>
    <ClInclude Include="src\World\WorldController.h">
      <Filter>src\World</Filter>
    </ClInclude>
    <ClInclude Include="src\Event\EventController.h" />
    <ClInclude Include="src\Event\Io\KeyInputData.h" />
    <ClInclude Include="src\Event\Io\KeyCodes.h" />
    <ClInclude Include="src\Event\Io\ConversionData.h" />
  </ItemGroup>
  <ItemGroup>
    <ClCompile Include="Dependencies\ImGui\imgui.cpp">
      <Filter>Dependencies\ImGui</Filter>
    </ClCompile>
    <ClCompile Include="Dependencies\ImGui\imgui_demo.cpp">
      <Filter>Dependencies\ImGui</Filter>
    </ClCompile>
    <ClCompile Include="Dependencies\ImGui\imgui_draw.cpp">
      <Filter>Dependencies\ImGui</Filter>
    </ClCompile>
    <ClCompile Include="Dependencies\ImGui\imgui_tables.cpp">
      <Filter>Dependencies\ImGui</Filter>
    </ClCompile>
    <ClCompile Include="Dependencies\ImGui\imgui_widgets.cpp">
      <Filter>Dependencies\ImGui</Filter>
    </ClCompile>
    <ClCompile Include="src\Engine.cpp">
      <Filter>src</Filter>
    </ClCompile>
    <ClCompile Include="src\Render\RenderingController.cpp">
      <Filter>src\Render</Filter>
    </ClCompile>
    <ClCompile Include="src\Render\Window\Window.cpp">
      <Filter>src\Render\Window</Filter>
    </ClCompile>
    <ClCompile Include="src\Render\Window\WindowManager.cpp">
      <Filter>src\Render\Window</Filter>
    </ClCompile>
    <ClCompile Include="src\World\WorldController.cpp">
      <Filter>src\World</Filter>
    </ClCompile>
    <ClCompile Include="src\Event\EventController.cpp" />
  </ItemGroup>
</Project>